
Microsoft Visual Studio Solution File, Format Version 11.00
# Visual Studio 2010
Project("{FAE04EC0-301F-11D3-BF4B-00C04F79EFBC}") = "HostsFileEditor", "HostsFileEditor\HostsFileEditor.csproj", "{5E9C20F2-CD90-48B7-82EA-06DA620A2CF9}"
EndProject
Project("{FAE04EC0-301F-11D3-BF4B-00C04F79EFBC}") = "OCaff.Framework", "OCaff.Framework\OCaff.Framework.csproj", "{1608C71A-3D6C-4224-83C9-CFAB312CA7F7}"
EndProject
Project("{FAE04EC0-301F-11D3-BF4B-00C04F79EFBC}") = "HostsFileEditor.Tests", "HostsFileEditor.Tests\HostsFileEditor.Tests.csproj", "{45DA5CF2-91E7-4A75-ADFB-BB3DB3DB1A9F}"
EndProject
Project("{FAE04EC0-301F-11D3-BF4B-00C04F79EFBC}") = "OCaff.Framework.Tests", "OCaff.Framework.Tests\OCaff.Framework.Tests.csproj", "{00839DF9-DCC0-4B1C-B6B4-163EA66D820D}"
EndProject
Project("{2150E333-8FDC-42A3-9474-1A3956D46DE8}") = "Resources", "Resources", "{FFA3D8BE-48FD-483F-B6A5-3BB459CF3442}"
	ProjectSection(SolutionItems) = preProject
		NMock3.dll = NMock3.dll
	EndProjectSection
EndProject
Global
	GlobalSection(SolutionConfigurationPlatforms) = preSolution
		Debug|Any CPU = Debug|Any CPU
		Debug|Mixed Platforms = Debug|Mixed Platforms
		Debug|x86 = Debug|x86
		Release|Any CPU = Release|Any CPU
		Release|Mixed Platforms = Release|Mixed Platforms
		Release|x86 = Release|x86
	EndGlobalSection
	GlobalSection(ProjectConfigurationPlatforms) = postSolution
		{5E9C20F2-CD90-48B7-82EA-06DA620A2CF9}.Debug|Any CPU.ActiveCfg = Debug|x86
		{5E9C20F2-CD90-48B7-82EA-06DA620A2CF9}.Debug|Mixed Platforms.ActiveCfg = Debug|x86
		{5E9C20F2-CD90-48B7-82EA-06DA620A2CF9}.Debug|Mixed Platforms.Build.0 = Debug|x86
		{5E9C20F2-CD90-48B7-82EA-06DA620A2CF9}.Debug|x86.ActiveCfg = Debug|x86
		{5E9C20F2-CD90-48B7-82EA-06DA620A2CF9}.Debug|x86.Build.0 = Debug|x86
		{5E9C20F2-CD90-48B7-82EA-06DA620A2CF9}.Release|Any CPU.ActiveCfg = Release|x86
		{5E9C20F2-CD90-48B7-82EA-06DA620A2CF9}.Release|Mixed Platforms.ActiveCfg = Release|x86
		{5E9C20F2-CD90-48B7-82EA-06DA620A2CF9}.Release|Mixed Platforms.Build.0 = Release|x86
		{5E9C20F2-CD90-48B7-82EA-06DA620A2CF9}.Release|x86.ActiveCfg = Release|x86
		{5E9C20F2-CD90-48B7-82EA-06DA620A2CF9}.Release|x86.Build.0 = Release|x86
		{1608C71A-3D6C-4224-83C9-CFAB312CA7F7}.Debug|Any CPU.ActiveCfg = Debug|Any CPU
		{1608C71A-3D6C-4224-83C9-CFAB312CA7F7}.Debug|Any CPU.Build.0 = Debug|Any CPU
		{1608C71A-3D6C-4224-83C9-CFAB312CA7F7}.Debug|Mixed Platforms.ActiveCfg = Debug|Any CPU
		{1608C71A-3D6C-4224-83C9-CFAB312CA7F7}.Debug|Mixed Platforms.Build.0 = Debug|Any CPU
		{1608C71A-3D6C-4224-83C9-CFAB312CA7F7}.Debug|x86.ActiveCfg = Debug|Any CPU
		{1608C71A-3D6C-4224-83C9-CFAB312CA7F7}.Release|Any CPU.ActiveCfg = Release|Any CPU
		{1608C71A-3D6C-4224-83C9-CFAB312CA7F7}.Release|Any CPU.Build.0 = Release|Any CPU
		{1608C71A-3D6C-4224-83C9-CFAB312CA7F7}.Release|Mixed Platforms.ActiveCfg = Release|Any CPU
		{1608C71A-3D6C-4224-83C9-CFAB312CA7F7}.Release|Mixed Platforms.Build.0 = Release|Any CPU
		{1608C71A-3D6C-4224-83C9-CFAB312CA7F7}.Release|x86.ActiveCfg = Release|Any CPU
		{45DA5CF2-91E7-4A75-ADFB-BB3DB3DB1A9F}.Debug|Any CPU.ActiveCfg = Debug|Any CPU
		{45DA5CF2-91E7-4A75-ADFB-BB3DB3DB1A9F}.Debug|Any CPU.Build.0 = Debug|Any CPU
		{45DA5CF2-91E7-4A75-ADFB-BB3DB3DB1A9F}.Debug|Mixed Platforms.ActiveCfg = Debug|Any CPU
		{45DA5CF2-91E7-4A75-ADFB-BB3DB3DB1A9F}.Debug|Mixed Platforms.Build.0 = Debug|Any CPU
		{45DA5CF2-91E7-4A75-ADFB-BB3DB3DB1A9F}.Debug|x86.ActiveCfg = Debug|Any CPU
		{45DA5CF2-91E7-4A75-ADFB-BB3DB3DB1A9F}.Release|Any CPU.ActiveCfg = Release|Any CPU
		{45DA5CF2-91E7-4A75-ADFB-BB3DB3DB1A9F}.Release|Any CPU.Build.0 = Release|Any CPU
		{45DA5CF2-91E7-4A75-ADFB-BB3DB3DB1A9F}.Release|Mixed Platforms.ActiveCfg = Release|Any CPU
		{45DA5CF2-91E7-4A75-ADFB-BB3DB3DB1A9F}.Release|Mixed Platforms.Build.0 = Release|Any CPU
		{45DA5CF2-91E7-4A75-ADFB-BB3DB3DB1A9F}.Release|x86.ActiveCfg = Release|Any CPU
		{00839DF9-DCC0-4B1C-B6B4-163EA66D820D}.Debug|Any CPU.ActiveCfg = Debug|Any CPU
		{00839DF9-DCC0-4B1C-B6B4-163EA66D820D}.Debug|Any CPU.Build.0 = Debug|Any CPU
		{00839DF9-DCC0-4B1C-B6B4-163EA66D820D}.Debug|Mixed Platforms.ActiveCfg = Debug|Any CPU
		{00839DF9-DCC0-4B1C-B6B4-163EA66D820D}.Debug|Mixed Platforms.Build.0 = Debug|Any CPU
		{00839DF9-DCC0-4B1C-B6B4-163EA66D820D}.Debug|x86.ActiveCfg = Debug|Any CPU
		{00839DF9-DCC0-4B1C-B6B4-163EA66D820D}.Release|Any CPU.ActiveCfg = Release|Any CPU
		{00839DF9-DCC0-4B1C-B6B4-163EA66D820D}.Release|Any CPU.Build.0 = Release|Any CPU
		{00839DF9-DCC0-4B1C-B6B4-163EA66D820D}.Release|Mixed Platforms.ActiveCfg = Release|Any CPU
		{00839DF9-DCC0-4B1C-B6B4-163EA66D820D}.Release|Mixed Platforms.Build.0 = Release|Any CPU
		{00839DF9-DCC0-4B1C-B6B4-163EA66D820D}.Release|x86.ActiveCfg = Release|Any CPU
	EndGlobalSection
	GlobalSection(SolutionProperties) = preSolution
		HideSolutionNode = FALSE
	EndGlobalSection
EndGlobal
